{
  "nodes": {
    "limine-bootloader": {
      "flake": false,
      "locked": {
        "lastModified": 1723489879,
        "narHash": "sha256-51qWnUR+nkiWCJha8nzTDEwnQ3sc277WbeikDPx66J0=",
        "owner": "limine-bootloader",
        "repo": "limine",
        "rev": "29ff7d0f254e145b63d28fe95bc46d9f438714ff",
        "type": "github"
      },
      "original": {
        "owner": "limine-bootloader",
        "ref": "v8.x-binary",
        "repo": "limine",
        "type": "github"
      }
    },
    "nixpkgs": {
      "locked": {
        "lastModified": 1723637854,
        "narHash": "sha256-med8+5DSWa2UnOqtdICndjDAEjxr5D7zaIiK4pn0Q7c=",
        "owner": "nixos",
        "repo": "nixpkgs",
        "rev": "c3aa7b8938b17aebd2deecf7be0636000d62a2b9",
        "type": "github"
      },
      "original": {
        "owner": "nixos",
        "ref": "nixos-unstable",
        "repo": "nixpkgs",
        "type": "github"
      }
    },
    "root": {
      "inputs": {
        "limine-bootloader": "limine-bootloader",
        "nixpkgs": "nixpkgs"
      }
    }
  },
  "root": "root",
  "version": 7
}
