{
  "nodes": {
    "limine-bootloader": {
      "flake": false,
      "locked": {
        "lastModified": 1724607804,
        "narHash": "sha256-TjLyHPRWbsgCe490krh2hbAgZd9vYO/Bqopzpf9JrzI=",
        "owner": "limine-bootloader",
        "repo": "limine",
        "rev": "47aa2d78ee30a4ddf646dceb93b112aa30aec120",
        "type": "github"
      },
      "original": {
        "owner": "limine-bootloader",
        "ref": "v8.x-binary",
        "repo": "limine",
        "type": "github"
      }
    },
    "nixpkgs": {
      "locked": {
        "lastModified": 1725103162,
        "narHash": "sha256-Ym04C5+qovuQDYL/rKWSR+WESseQBbNAe5DsXNx5trY=",
        "owner": "nixos",
        "repo": "nixpkgs",
        "rev": "12228ff1752d7b7624a54e9c1af4b222b3c1073b",
        "type": "github"
      },
      "original": {
        "owner": "nixos",
        "ref": "nixos-unstable",
        "repo": "nixpkgs",
        "type": "github"
      }
    },
    "root": {
      "inputs": {
        "limine-bootloader": "limine-bootloader",
        "nixpkgs": "nixpkgs"
      }
    }
  },
  "root": "root",
  "version": 7
}
